Microsoft Visual Studio Solution File, Format Version 8.00
Project("{FAE04EC0-301F-11D3-BF4B-00C04F79EFBC}") = "dotnet2beta", "dotnet2beta.csproj", "{FC929A1E-B735-43F7-8E28-19E6F931CFE5}"
	ProjectSection(ProjectDependencies) = postProject
	EndProjectSection
EndProject
Global
	GlobalSection(SolutionConfiguration) = preSolution
		Debug = Debug
		Release = Release
	EndGlobalSection
	GlobalSection(ProjectConfiguration) = postSolution
		{FC929A1E-B735-43F7-8E28-19E6F931CFE5}.Debug.ActiveCfg = Debug|.NET
		{FC929A1E-B735-43F7-8E28-19E6F931CFE5}.Debug.Build.0 = Debug|.NET
		{FC929A1E-B735-43F7-8E28-19E6F931CFE5}.Release.ActiveCfg = Release|.NET
		{FC929A1E-B735-43F7-8E28-19E6F931CFE5}.Release.Build.0 = Release|.NET
	EndGlobalSection
	GlobalSection(ExtensibilityGlobals) = postSolution
	EndGlobalSection
	GlobalSection(ExtensibilityAddIns) = postSolution
	EndGlobalSection
EndGlobal
